// !$*UTF8*$!
{
	archiveVersion = 1;
	classes = {
	};
	objectVersion = 50;
	objects = {

/* Begin PBXBuildFile section */
		3F9435122584BAFD00679E49 /* DetailViewController.swift in Sources */ = {isa = PBXBuildFile; fileRef = 3F9435112584BAFD00679E49 /* DetailViewController.swift */; };
		3F9435162585C99E00679E49 /* ImageStore.swift in Sources */ = {isa = PBXBuildFile; fileRef = 3F9435152585C99E00679E49 /* ImageStore.swift */; };
		3FE5669A258360B800522B90 /* AppDelegate.swift in Sources */ = {isa = PBXBuildFile; fileRef = 3FE56699258360B800522B90 /* AppDelegate.swift */; };
		3FE5669C258360B800522B90 /* SceneDelegate.swift in Sources */ = {isa = PBXBuildFile; fileRef = 3FE5669B258360B800522B90 /* SceneDelegate.swift */; };
		3FE566A1258360B800522B90 /* Main.storyboard in Resources */ = {isa = PBXBuildFile; fileRef = 3FE5669F258360B800522B90 /* Main.storyboard */; };
		3FE566A3258360BD00522B90 /* Assets.xcassets in Resources */ = {isa = PBXBuildFile; fileRef = 3FE566A2258360BD00522B90 /* Assets.xcassets */; };
		3FE566A6258360BD00522B90 /* LaunchScreen.storyboard in Resources */ = {isa = PBXBuildFile; fileRef = 3FE566A4258360BD00522B90 /* LaunchScreen.storyboard */; };
		3FE566AE258364FD00522B90 /* Movie.swift in Sources */ = {isa = PBXBuildFile; fileRef = 3FE566AD258364FD00522B90 /* Movie.swift */; };
		3FE566B02583652000522B90 /* MovieCell.swift in Sources */ = {isa = PBXBuildFile; fileRef = 3FE566AF2583652000522B90 /* MovieCell.swift */; };
		3FE566B22583718D00522B90 /* MoviesViewController.swift in Sources */ = {isa = PBXBuildFile; fileRef = 3FE566B12583718D00522B90 /* MoviesViewController.swift */; };
/* End PBXBuildFile section */

/* Begin PBXFileReference section */
		3F9435112584BAFD00679E49 /* DetailViewController.swift */ = {isa = PBXFileReference; lastKnownFileType = sourcecode.swift; path = DetailViewController.swift; sourceTree = "<group>"; };
		3F9435152585C99E00679E49 /* ImageStore.swift */ = {isa = PBXFileReference; lastKnownFileType = sourcecode.swift; path = ImageStore.swift; sourceTree = "<group>"; };
		3FE56696258360B800522B90 /* IMDb.app */ = {isa = PBXFileReference; explicitFileType = wrapper.application; includeInIndex = 0; path = IMDb.app; sourceTree = BUILT_PRODUCTS_DIR; };
		3FE56699258360B800522B90 /* AppDelegate.swift */ = {isa = PBXFileReference; lastKnownFileType = sourcecode.swift; path = AppDelegate.swift; sourceTree = "<group>"; };
		3FE5669B258360B800522B90 /* SceneDelegate.swift */ = {isa = PBXFileReference; lastKnownFileType = sourcecode.swift; path = SceneDelegate.swift; sourceTree = "<group>"; };
		3FE566A0258360B800522B90 /* Base */ = {isa = PBXFileReference; lastKnownFileType = file.storyboard; name = Base; path = Base.lproj/Main.storyboard; sourceTree = "<group>"; };
		3FE566A2258360BD00522B90 /* Assets.xcassets */ = {isa = PBXFileReference; lastKnownFileType = folder.assetcatalog; path = Assets.xcassets; sourceTree = "<group>"; };
		3FE566A5258360BD00522B90 /* Base */ = {isa = PBXFileReference; lastKnownFileType = file.storyboard; name = Base; path = Base.lproj/LaunchScreen.storyboard; sourceTree = "<group>"; };
		3FE566A7258360BD00522B90 /* Info.plist */ = {isa = PBXFileReference; lastKnownFileType = text.plist.xml; path = Info.plist; sourceTree = "<group>"; };
		3FE566AD258364FD00522B90 /* Movie.swift */ = {isa = PBXFileReference; lastKnownFileType = sourcecode.swift; path = Movie.swift; sourceTree = "<group>"; };
		3FE566AF2583652000522B90 /* MovieCell.swift */ = {isa = PBXFileReference; lastKnownFileType = sourcecode.swift; path = MovieCell.swift; sourceTree = "<group>"; };
		3FE566B12583718D00522B90 /* MoviesViewController.swift */ = {isa = PBXFileReference; lastKnownFileType = sourcecode.swift; path = MoviesViewController.swift; sourceTree = "<group>"; };
/* End PBXFileReference section */

/* Begin PBXFrameworksBuildPhase section */
		3FE56693258360B800522B90 /* Frameworks */ = {
			isa = PBXFrameworksBuildPhase;
			buildActionMask = 2147483647;
			files = (
			);
			runOnlyForDeploymentPostprocessing = 0;
		};
/* End PBXFrameworksBuildPhase section */

/* Begin PBXGroup section */
		3FE5668D258360B800522B90 = {
			isa = PBXGroup;
			children = (
				3FE56698258360B800522B90 /* IMDb */,
				3FE56697258360B800522B90 /* Products */,
			);
			sourceTree = "<group>";
		};
		3FE56697258360B800522B90 /* Products */ = {
			isa = PBXGroup;
			children = (
				3FE56696258360B800522B90 /* IMDb.app */,
			);
			name = Products;
			sourceTree = "<group>";
		};
		3FE56698258360B800522B90 /* IMDb */ = {
			isa = PBXGroup;
			children = (
				3FE56699258360B800522B90 /* AppDelegate.swift */,
				3FE566B12583718D00522B90 /* MoviesViewController.swift */,
				3FE5669B258360B800522B90 /* SceneDelegate.swift */,
				3FE5669F258360B800522B90 /* Main.storyboard */,
				3F9435112584BAFD00679E49 /* DetailViewController.swift */,
				3F9435152585C99E00679E49 /* ImageStore.swift */,
				3FE566AD258364FD00522B90 /* Movie.swift */,
				3FE566AF2583652000522B90 /* MovieCell.swift */,
				3FE566A2258360BD00522B90 /* Assets.xcassets */,
				3FE566A4258360BD00522B90 /* LaunchScreen.storyboard */,
				3FE566A7258360BD00522B90 /* Info.plist */,
			);
			path = IMDb;
			sourceTree = "<group>";
		};
/* End PBXGroup section */

/* Begin PBXNativeTarget section */
		3FE56695258360B800522B90 /* IMDb */ = {
			isa = PBXNativeTarget;
			buildConfigurationList = 3FE566AA258360BD00522B90 /* Build configuration list for PBXNativeTarget "IMDb" */;
			buildPhases = (
				3FE56692258360B800522B90 /* Sources */,
				3FE56693258360B800522B90 /* Frameworks */,
				3FE56694258360B800522B90 /* Resources */,
			);
			buildRules = (
			);
			dependencies = (
			);
			name = IMDb;
			productName = IMDb;
			productReference = 3FE56696258360B800522B90 /* IMDb.app */;
			productType = "com.apple.product-type.application";
		};
/* End PBXNativeTarget section */

/* Begin PBXProject section */
		3FE5668E258360B800522B90 /* Project object */ = {
			isa = PBXProject;
			attributes = {
				LastSwiftUpdateCheck = 1140;
				LastUpgradeCheck = 1140;
				ORGANIZATIONNAME = Mohawkcollege;
				TargetAttributes = {
					3FE56695258360B800522B90 = {
						CreatedOnToolsVersion = 11.4.1;
					};
				};
			};
			buildConfigurationList = 3FE56691258360B800522B90 /* Build configuration list for PBXProject "IMDb" */;
			compatibilityVersion = "Xcode 9.3";
			developmentRegion = en;
			hasScannedForEncodings = 0;
			knownRegions = (
				en,
				Base,
			);
			mainGroup = 3FE5668D258360B800522B90;
			productRefGroup = 3FE56697258360B800522B90 /* Products */;
			projectDirPath = "";
			projectRoot = "";
			targets = (
				3FE56695258360B800522B90 /* IMDb */,
			);
		};
/* End PBXProject section */

/* Begin PBXResourcesBuildPhase section */
		3FE56694258360B800522B90 /* Resources */ = {
			isa = PBXResourcesBuildPhase;
			buildActionMask = 2147483647;
			files = (
				3FE566A6258360BD00522B90 /* LaunchScreen.storyboard in Resources */,
				3FE566A3258360BD00522B90 /* Assets.xcassets in Resources */,
				3FE566A1258360B800522B90 /* Main.storyboard in Resources */,
			);
			runOnlyForDeploymentPostprocessing = 0;
		};
/* End PBXResourcesBuildPhase section */

/* Begin PBXSourcesBuildPhase section */
		3FE56692258360B800522B90 /* Sources */ = {
			isa = PBXSourcesBuildPhase;
			buildActionMask = 2147483647;
			files = (
				3FE5669A258360B800522B90 /* AppDelegate.swift in Sources */,
				3FE566B22583718D00522B90 /* MoviesViewController.swift in Sources */,
				3FE566AE258364FD00522B90 /* Movie.swift in Sources */,
				3F9435122584BAFD00679E49 /* DetailViewController.swift in Sources */,
				3FE566B02583652000522B90 /* MovieCell.swift in Sources */,
				3F9435162585C99E00679E49 /* ImageStore.swift in Sources */,
				3FE5669C258360B800522B90 /* SceneDelegate.swift in Sources */,
			);
			runOnlyForDeploymentPostprocessing = 0;
		};
/* End PBXSourcesBuildPhase section */

/* Begin PBXVariantGroup section */
		3FE5669F258360B800522B90 /* Main.storyboard */ = {
			isa = PBXVariantGroup;
			children = (
				3FE566A0258360B800522B90 /* Base */,
			);
			name = Main.storyboard;
			sourceTree = "<group>";
		};
		3FE566A4258360BD00522B90 /* LaunchScreen.storyboard */ = {
			isa = PBXVariantGroup;
			children = (
				3FE566A5258360BD00522B90 /* Base */,
			);
			name = LaunchScreen.storyboard;
			sourceTree = "<group>";
		};
/* End PBXVariantGroup section */

/* Begin XCBuildConfiguration section */
		3FE566A8258360BD00522B90 /* Debug */ = {
			isa = XCBuildConfiguration;
			buildSettings = {
				ALWAYS_SEARCH_USER_PATHS = NO;
				CLANG_ANALYZER_NONNULL = YES;
				CLANG_ANALYZER_NUMBER_OBJECT_CONVERSION = YES_AGGRESSIVE;
				CLANG_CXX_LANGUAGE_STANDARD = "gnu++14";
				CLANG_CXX_LIBRARY = "libc++";
				CLANG_ENABLE_MODULES = YES;
				CLANG_ENABLE_OBJC_ARC = YES;
				CLANG_ENABLE_OBJC_WEAK = YES;
				CLANG_WARN_BLOCK_CAPTURE_AUTORELEASING = YES;
				CLANG_WARN_BOOL_CONVERSION = YES;
				CLANG_WARN_COMMA = YES;
				CLANG_WARN_CONSTANT_CONVERSION = YES;
				CLANG_WARN_DEPRECATED_OBJC_IMPLEMENTATIONS = YES;
				CLANG_WARN_DIRECT_OBJC_ISA_USAGE = YES_ERROR;
				CLANG_WARN_DOCUMENTATION_COMMENTS = YES;
				CLANG_WARN_EMPTY_BODY = YES;
				CLANG_WARN_ENUM_CONVERSION = YES;
				CLANG_WARN_INFINITE_RECURSION = YES;
				CLANG_WARN_INT_CONVERSION = YES;
				CLANG_WARN_NON_LITERAL_NULL_CONVERSION = YES;
				CLANG_WARN_OBJC_IMPLICIT_RETAIN_SELF = YES;
				CLANG_WARN_OBJC_LITERAL_CONVERSION = YES;
				CLANG_WARN_OBJC_ROOT_CLASS = YES_ERROR;
				CLANG_WARN_RANGE_LOOP_ANALYSIS = YES;
				CLANG_WARN_STRICT_PROTOTYPES = YES;
				CLANG_WARN_SUSPICIOUS_MOVE = YES;
				CLANG_WARN_UNGUARDED_AVAILABILITY = YES_AGGRESSIVE;
				CLANG_WARN_UNREACHABLE_CODE = YES;
				CLANG_WARN__DUPLICATE_METHOD_MATCH = YES;
				COPY_PHASE_STRIP = NO;
				DEBUG_INFORMATION_FORMAT = dwarf;
				ENABLE_STRICT_OBJC_MSGSEND = YES;
				ENABLE_TESTABILITY = YES;
				GCC_C_LANGUAGE_STANDARD = gnu11;
				GCC_DYNAMIC_NO_PIC = NO;
				GCC_NO_COMMON_BLOCKS = YES;
				GCC_OPTIMIZATION_LEVEL = 0;
				GCC_PREPROCESSOR_DEFINITIONS = (
					"DEBUG=1",
					"$(inherited)",
				);
				GCC_WARN_64_TO_32_BIT_CONVERSION = YES;
				GCC_WARN_ABOUT_RETURN_TYPE = YES_ERROR;
				GCC_WARN_UNDECLARED_SELECTOR = YES;
				GCC_WARN_UNINITIALIZED_AUTOS = YES_AGGRESSIVE;
				GCC_WARN_UNUSED_FUNCTION = YES;
				GCC_WARN_UNUSED_VARIABLE = YES;
				IPHONEOS_DEPLOYMENT_TARGET = 13.4;
				MTL_ENABLE_DEBUG_INFO = INCLUDE_SOURCE;
				MTL_FAST_MATH = YES;
				ONLY_ACTIVE_ARCH = YES;
				SDKROOT = iphoneos;
				SWIFT_ACTIVE_COMPILATION_CONDITIONS = DEBUG;
				SWIFT_OPTIMIZATION_LEVEL = "-Onone";
			};
			name = Debug;
		};
		3FE566A9258360BD00522B90 /* Release */ = {
			isa = XCBuildConfiguration;
			buildSettings = {
				ALWAYS_SEARCH_USER_PATHS = NO;
				CLANG_ANALYZER_NONNULL = YES;
				CLANG_ANALYZER_NUMBER_OBJECT_CONVERSION = YES_AGGRESSIVE;
				CLANG_CXX_LANGUAGE_STANDARD = "gnu++14";
				CLANG_CXX_LIBRARY = "libc++";
				CLANG_ENABLE_MODULES = YES;
				CLANG_ENABLE_OBJC_ARC = YES;
				CLANG_ENABLE_OBJC_WEAK = YES;
				CLANG_WARN_BLOCK_CAPTURE_AUTORELEASING = YES;
				CLANG_WARN_BOOL_CONVERSION = YES;
				CLANG_WARN_COMMA = YES;
				CLANG_WARN_CONSTANT_CONVERSION = YES;
				CLANG_WARN_DEPRECATED_OBJC_IMPLEMENTATIONS = YES;
				CLANG_WARN_DIRECT_OBJC_ISA_USAGE = YES_ERROR;
				CLANG_WARN_DOCUMENTATION_COMMENTS = YES;
				CLANG_WARN_EMPTY_BODY = YES;
				CLANG_WARN_ENUM_CONVERSION = YES;
				CLANG_WARN_INFINITE_RECURSION = YES;
				CLANG_WARN_INT_CONVERSION = YES;
				CLANG_WARN_NON_LITERAL_NULL_CONVERSION = YES;
				CLANG_WARN_OBJC_IMPLICIT_RETAIN_SELF = YES;
				CLANG_WARN_OBJC_LITERAL_CONVERSION = YES;
				CLANG_WARN_OBJC_ROOT_CLASS = YES_ERROR;
				CLANG_WARN_RANGE_LOOP_ANALYSIS = YES;
				CLANG_WARN_STRICT_PROTOTYPES = YES;
				CLANG_WARN_SUSPICIOUS_MOVE = YES;
				CLANG_WARN_UNGUARDED_AVAILABILITY = YES_AGGRESSIVE;
				CLANG_WARN_UNREACHABLE_CODE = YES;
				CLANG_WARN__DUPLICATE_METHOD_MATCH = YES;
				COPY_PHASE_STRIP = NO;
				DEBUG_INFORMATION_FORMAT = "dwarf-with-dsym";
				ENABLE_NS_ASSERTIONS = NO;
				ENABLE_STRICT_OBJC_MSGSEND = YES;
				GCC_C_LANGUAGE_STANDARD = gnu11;
				GCC_NO_COMMON_BLOCKS = YES;
				GCC_WARN_64_TO_32_BIT_CONVERSION = YES;
				GCC_WARN_ABOUT_RETURN_TYPE = YES_ERROR;
				GCC_WARN_UNDECLARED_SELECTOR = YES;
				GCC_WARN_UNINITIALIZED_AUTOS = YES_AGGRESSIVE;
				GCC_WARN_UNUSED_FUNCTION = YES;
				GCC_WARN_UNUSED_VARIABLE = YES;
				IPHONEOS_DEPLOYMENT_TARGET = 13.4;
				MTL_ENABLE_DEBUG_INFO = NO;
				MTL_FAST_MATH = YES;
				SDKROOT = iphoneos;
				SWIFT_COMPILATION_MODE = wholemodule;
				SWIFT_OPTIMIZATION_LEVEL = "-O";
				VALIDATE_PRODUCT = YES;
			};
			name = Release;
		};
		3FE566AB258360BD00522B90 /* Debug */ = {
			isa = XCBuildConfiguration;
			buildSettings = {
				ASSETCATALOG_COMPILER_APPICON_NAME = AppIcon;
				CODE_SIGN_STYLE = Automatic;
				INFOPLIST_FILE = IMDb/Info.plist;
				LD_RUNPATH_SEARCH_PATHS = (
					"$(inherited)",
					"@executable_path/Frameworks",
				);
				PRODUCT_BUNDLE_IDENTIFIER = ca.mohawkcollege.IMDb;
				PRODUCT_NAME = "$(TARGET_NAME)";
				SWIFT_VERSION = 5.0;
				TARGETED_DEVICE_FAMILY = "1,2";
			};
			name = Debug;
		};
		3FE566AC258360BD00522B90 /* Release */ = {
			isa = XCBuildConfiguration;
			buildSettings = {
				ASSETCATALOG_COMPILER_APPICON_NAME = AppIcon;
				CODE_SIGN_STYLE = Automatic;
				INFOPLIST_FILE = IMDb/Info.plist;
				LD_RUNPATH_SEARCH_PATHS = (
					"$(inherited)",
					"@executable_path/Frameworks",
				);
				PRODUCT_BUNDLE_IDENTIFIER = ca.mohawkcollege.IMDb;
				PRODUCT_NAME = "$(TARGET_NAME)";
				SWIFT_VERSION = 5.0;
				TARGETED_DEVICE_FAMILY = "1,2";
			};
			name = Release;
		};
/* End XCBuildConfiguration section */

/* Begin XCConfigurationList section */
		3FE56691258360B800522B90 /* Build configuration list for PBXProject "IMDb" */ = {
			isa = XCConfigurationList;
			buildConfigurations = (
				3FE566A8258360BD00522B90 /* Debug */,
				3FE566A9258360BD00522B90 /* Release */,
			);
			defaultConfigurationIsVisible = 0;
			defaultConfigurationName = Release;
		};
		3FE566AA258360BD00522B90 /* Build configuration list for PBXNativeTarget "IMDb" */ = {
			isa = XCConfigurationList;
			buildConfigurations = (
				3FE566AB258360BD00522B90 /* Debug */,
				3FE566AC258360BD00522B90 /* Release */,
			);
			defaultConfigurationIsVisible = 0;
			defaultConfigurationName = Release;
		};
/* End XCConfigurationList section */
	};
	rootObject = 3FE5668E258360B800522B90 /* Project object */;
}
